
Microsoft Visual Studio Solution File, Format Version 12.00
# Visual Studio Version 16
VisualStudioVersion = 16.0.29920.165
MinimumVisualStudioVersion = 10.0.40219.1
Project("{9A19103F-16F7-4668-BE54-9A1E7A4F7556}") = "DrömmaBåtHuset_WebAPI_Backend", "FrejyaBåtHuset_WebAPI_Backend\DrömmaBåtHuset_WebAPI_Backend.csproj", "{CACD84CD-E29C-4940-9A0F-01110C215BEF}"
EndProject
Project("{9A19103F-16F7-4668-BE54-9A1E7A4F7556}") = "DrömmaBåtHuset_WebApplication_Front-end", "FrejyaBåtHuset_WebApplication_Front-end\DrömmaBåtHuset_WebApplication_Front-end.csproj", "{EE7C916A-208C-49E9-8EBC-5E483A0D940C}"
EndProject
Project("{FAE04EC0-301F-11D3-BF4B-00C04F79EFBC}") = "BoatHouseUnitTestingProject", "BoatHouseUnitTestingProject\BoatHouseUnitTestingProject.csproj", "{EBBA2833-F6EE-432A-8CB3-8708662D324E}"
EndProject
Global
	GlobalSection(SolutionConfigurationPlatforms) = preSolution
		Debug|Any CPU = Debug|Any CPU
		Release|Any CPU = Release|Any CPU
	EndGlobalSection
	GlobalSection(ProjectConfigurationPlatforms) = postSolution
		{CACD84CD-E29C-4940-9A0F-01110C215BEF}.Debug|Any CPU.ActiveCfg = Debug|Any CPU
		{CACD84CD-E29C-4940-9A0F-01110C215BEF}.Debug|Any CPU.Build.0 = Debug|Any CPU
		{CACD84CD-E29C-4940-9A0F-01110C215BEF}.Release|Any CPU.ActiveCfg = Release|Any CPU
		{CACD84CD-E29C-4940-9A0F-01110C215BEF}.Release|Any CPU.Build.0 = Release|Any CPU
		{EE7C916A-208C-49E9-8EBC-5E483A0D940C}.Debug|Any CPU.ActiveCfg = Debug|Any CPU
		{EE7C916A-208C-49E9-8EBC-5E483A0D940C}.Debug|Any CPU.Build.0 = Debug|Any CPU
		{EE7C916A-208C-49E9-8EBC-5E483A0D940C}.Release|Any CPU.ActiveCfg = Release|Any CPU
		{EE7C916A-208C-49E9-8EBC-5E483A0D940C}.Release|Any CPU.Build.0 = Release|Any CPU
		{EBBA2833-F6EE-432A-8CB3-8708662D324E}.Debug|Any CPU.ActiveCfg = Debug|Any CPU
		{EBBA2833-F6EE-432A-8CB3-8708662D324E}.Debug|Any CPU.Build.0 = Debug|Any CPU
		{EBBA2833-F6EE-432A-8CB3-8708662D324E}.Release|Any CPU.ActiveCfg = Release|Any CPU
		{EBBA2833-F6EE-432A-8CB3-8708662D324E}.Release|Any CPU.Build.0 = Release|Any CPU
	EndGlobalSection
	GlobalSection(SolutionProperties) = preSolution
		HideSolutionNode = FALSE
	EndGlobalSection
	GlobalSection(ExtensibilityGlobals) = postSolution
		SolutionGuid = {BB928266-C958-4D57-B0A0-5CAC64F8296C}
	EndGlobalSection
EndGlobal
