
Microsoft Visual Studio Solution File, Format Version 12.00
# Visual Studio Version 16
VisualStudioVersion = 16.0.29920.165
MinimumVisualStudioVersion = 10.0.40219.1
Project("{FAE04EC0-301F-11D3-BF4B-00C04F79EFBC}") = "FreyjaBåtHuset_API_Backend", "FreyjaBåtHuset_API_Backend\FreyjaBåtHuset_API_Backend.csproj", "{67879B94-5F15-4518-81A7-3DD56E918EE7}"
EndProject
Project("{FAE04EC0-301F-11D3-BF4B-00C04F79EFBC}") = "FreyjaBåtHuset_React_Front-end", "FreyjaBåtHuset_React_Front-end\FreyjaBåtHuset_React_Front-end.csproj", "{2C1BEBD2-04FB-4A18-9194-77FEB0459C13}"
EndProject
Global
	GlobalSection(SolutionConfigurationPlatforms) = preSolution
		Debug|Any CPU = Debug|Any CPU
		Release|Any CPU = Release|Any CPU
	EndGlobalSection
	GlobalSection(ProjectConfigurationPlatforms) = postSolution
		{67879B94-5F15-4518-81A7-3DD56E918EE7}.Debug|Any CPU.ActiveCfg = Debug|Any CPU
		{67879B94-5F15-4518-81A7-3DD56E918EE7}.Debug|Any CPU.Build.0 = Debug|Any CPU
		{67879B94-5F15-4518-81A7-3DD56E918EE7}.Release|Any CPU.ActiveCfg = Release|Any CPU
		{67879B94-5F15-4518-81A7-3DD56E918EE7}.Release|Any CPU.Build.0 = Release|Any CPU
		{2C1BEBD2-04FB-4A18-9194-77FEB0459C13}.Debug|Any CPU.ActiveCfg = Debug|Any CPU
		{2C1BEBD2-04FB-4A18-9194-77FEB0459C13}.Debug|Any CPU.Build.0 = Debug|Any CPU
		{2C1BEBD2-04FB-4A18-9194-77FEB0459C13}.Release|Any CPU.ActiveCfg = Release|Any CPU
		{2C1BEBD2-04FB-4A18-9194-77FEB0459C13}.Release|Any CPU.Build.0 = Release|Any CPU
	EndGlobalSection
	GlobalSection(SolutionProperties) = preSolution
		HideSolutionNode = FALSE
	EndGlobalSection
	GlobalSection(ExtensibilityGlobals) = postSolution
		SolutionGuid = {BB928266-C958-4D57-B0A0-5CAC64F8296C}
	EndGlobalSection
EndGlobal
