
Microsoft Visual Studio Solution File, Format Version 12.00
# Visual Studio Version 16
VisualStudioVersion = 16.0.29920.165
MinimumVisualStudioVersion = 10.0.40219.1
Project("{9A19103F-16F7-4668-BE54-9A1E7A4F7556}") = "FreyjaBåthuset_React_Front-end", "FrejaBåthuset_React_Front-end\FreyjaBåthuset_React_Front-end.csproj", "{ACAF6123-B26D-4360-8575-6B62CA9BB61B}"
EndProject
Project("{9A19103F-16F7-4668-BE54-9A1E7A4F7556}") = "FreyjaBåthuset_WebAPI_Backend", "FrejaBåthuset_WebAPI_Backend\FreyjaBåthuset_WebAPI_Backend.csproj", "{91C2CB5D-9A81-4171-AD9F-94605F2F43E7}"
EndProject
Global
	GlobalSection(SolutionConfigurationPlatforms) = preSolution
		Debug|Any CPU = Debug|Any CPU
		Release|Any CPU = Release|Any CPU
	EndGlobalSection
	GlobalSection(ProjectConfigurationPlatforms) = postSolution
		{ACAF6123-B26D-4360-8575-6B62CA9BB61B}.Debug|Any CPU.ActiveCfg = Debug|Any CPU
		{ACAF6123-B26D-4360-8575-6B62CA9BB61B}.Debug|Any CPU.Build.0 = Debug|Any CPU
		{ACAF6123-B26D-4360-8575-6B62CA9BB61B}.Release|Any CPU.ActiveCfg = Release|Any CPU
		{ACAF6123-B26D-4360-8575-6B62CA9BB61B}.Release|Any CPU.Build.0 = Release|Any CPU
		{91C2CB5D-9A81-4171-AD9F-94605F2F43E7}.Debug|Any CPU.ActiveCfg = Debug|Any CPU
		{91C2CB5D-9A81-4171-AD9F-94605F2F43E7}.Debug|Any CPU.Build.0 = Debug|Any CPU
		{91C2CB5D-9A81-4171-AD9F-94605F2F43E7}.Release|Any CPU.ActiveCfg = Release|Any CPU
		{91C2CB5D-9A81-4171-AD9F-94605F2F43E7}.Release|Any CPU.Build.0 = Release|Any CPU
	EndGlobalSection
	GlobalSection(SolutionProperties) = preSolution
		HideSolutionNode = FALSE
	EndGlobalSection
	GlobalSection(ExtensibilityGlobals) = postSolution
		SolutionGuid = {BB928266-C958-4D57-B0A0-5CAC64F8296C}
	EndGlobalSection
EndGlobal
